// !$*UTF8*$!
{
	archiveVersion = 1;
	classes = {
	};
	objectVersion = 46;
	objects = {

/* Begin PBXBuildFile section */
		1E29724F1A526507001FE76F /* Combination Sum II.cpp in Sources */ = {isa = PBXBuildFile; fileRef = 1E29724E1A526507001FE76F /* Combination Sum II.cpp */; };
		1EFFB6CD1A510BB100ECDB7E /* Insert Interval.cpp in Sources */ = {isa = PBXBuildFile; fileRef = 1EFFB6CC1A510BB100ECDB7E /* Insert Interval.cpp */; };
		1EFFB6E31A514A1B00ECDB7E /* Remove Element.cpp in Sources */ = {isa = PBXBuildFile; fileRef = 1EFFB6E21A514A1B00ECDB7E /* Remove Element.cpp */; };
		1EFFB6EE1A515ECE00ECDB7E /* Rotate List.cpp in Sources */ = {isa = PBXBuildFile; fileRef = 1EFFB6ED1A515ECE00ECDB7E /* Rotate List.cpp */; };
/* End PBXBuildFile section */

/* Begin PBXCopyFilesBuildPhase section */
		1E29724A1A526506001FE76F /* CopyFiles */ = {
			isa = PBXCopyFilesBuildPhase;
			buildActionMask = 2147483647;
			dstPath = /usr/share/man/man1/;
			dstSubfolderSpec = 0;
			files = (
			);
			runOnlyForDeploymentPostprocessing = 1;
		};
		1EFFB6BA1A510B9100ECDB7E /* CopyFiles */ = {
			isa = PBXCopyFilesBuildPhase;
			buildActionMask = 2147483647;
			dstPath = /usr/share/man/man1/;
			dstSubfolderSpec = 0;
			files = (
			);
			runOnlyForDeploymentPostprocessing = 1;
		};
		1EFFB6C81A510BB100ECDB7E /* CopyFiles */ = {
			isa = PBXCopyFilesBuildPhase;
			buildActionMask = 2147483647;
			dstPath = /usr/share/man/man1/;
			dstSubfolderSpec = 0;
			files = (
			);
			runOnlyForDeploymentPostprocessing = 1;
		};
		1EFFB6DE1A514A1B00ECDB7E /* CopyFiles */ = {
			isa = PBXCopyFilesBuildPhase;
			buildActionMask = 2147483647;
			dstPath = /usr/share/man/man1/;
			dstSubfolderSpec = 0;
			files = (
			);
			runOnlyForDeploymentPostprocessing = 1;
		};
		1EFFB6E91A515ECE00ECDB7E /* CopyFiles */ = {
			isa = PBXCopyFilesBuildPhase;
			buildActionMask = 2147483647;
			dstPath = /usr/share/man/man1/;
			dstSubfolderSpec = 0;
			files = (
			);
			runOnlyForDeploymentPostprocessing = 1;
		};
/* End PBXCopyFilesBuildPhase section */

/* Begin PBXFileReference section */
		1E29724C1A526506001FE76F /* Combination Sum II */ = {isa = PBXFileReference; explicitFileType = "compiled.mach-o.executable"; includeInIndex = 0; path = "Combination Sum II"; sourceTree = BUILT_PRODUCTS_DIR; };
		1E29724E1A526507001FE76F /* Combination Sum II.cpp */ = {isa = PBXFileReference; lastKnownFileType = sourcecode.cpp.cpp; path = "Combination Sum II.cpp"; sourceTree = "<group>"; };
		1EFFB6BC1A510B9100ECDB7E /* leetCode */ = {isa = PBXFileReference; explicitFileType = "compiled.mach-o.executable"; includeInIndex = 0; path = leetCode; sourceTree = BUILT_PRODUCTS_DIR; };
		1EFFB6CA1A510BB100ECDB7E /* Insert Interval */ = {isa = PBXFileReference; explicitFileType = "compiled.mach-o.executable"; includeInIndex = 0; path = "Insert Interval"; sourceTree = BUILT_PRODUCTS_DIR; };
		1EFFB6CC1A510BB100ECDB7E /* Insert Interval.cpp */ = {isa = PBXFileReference; lastKnownFileType = sourcecode.cpp.cpp; path = "Insert Interval.cpp"; sourceTree = "<group>"; };
		1EFFB6E01A514A1B00ECDB7E /* Remove Element */ = {isa = PBXFileReference; explicitFileType = "compiled.mach-o.executable"; includeInIndex = 0; path = "Remove Element"; sourceTree = BUILT_PRODUCTS_DIR; };
		1EFFB6E21A514A1B00ECDB7E /* Remove Element.cpp */ = {isa = PBXFileReference; lastKnownFileType = sourcecode.cpp.cpp; path = "Remove Element.cpp"; sourceTree = "<group>"; };
		1EFFB6EB1A515ECE00ECDB7E /* Rotate List */ = {isa = PBXFileReference; explicitFileType = "compiled.mach-o.executable"; includeInIndex = 0; path = "Rotate List"; sourceTree = BUILT_PRODUCTS_DIR; };
		1EFFB6ED1A515ECE00ECDB7E /* Rotate List.cpp */ = {isa = PBXFileReference; lastKnownFileType = sourcecode.cpp.cpp; path = "Rotate List.cpp"; sourceTree = "<group>"; };
/* End PBXFileReference section */

/* Begin PBXFrameworksBuildPhase section */
		1E2972491A526506001FE76F /* Frameworks */ = {
			isa = PBXFrameworksBuildPhase;
			buildActionMask = 2147483647;
			files = (
			);
			runOnlyForDeploymentPostprocessing = 0;
		};
		1EFFB6B91A510B9100ECDB7E /* Frameworks */ = {
			isa = PBXFrameworksBuildPhase;
			buildActionMask = 2147483647;
			files = (
			);
			runOnlyForDeploymentPostprocessing = 0;
		};
		1EFFB6C71A510BB100ECDB7E /* Frameworks */ = {
			isa = PBXFrameworksBuildPhase;
			buildActionMask = 2147483647;
			files = (
			);
			runOnlyForDeploymentPostprocessing = 0;
		};
		1EFFB6DD1A514A1B00ECDB7E /* Frameworks */ = {
			isa = PBXFrameworksBuildPhase;
			buildActionMask = 2147483647;
			files = (
			);
			runOnlyForDeploymentPostprocessing = 0;
		};
		1EFFB6E81A515ECE00ECDB7E /* Frameworks */ = {
			isa = PBXFrameworksBuildPhase;
			buildActionMask = 2147483647;
			files = (
			);
			runOnlyForDeploymentPostprocessing = 0;
		};
/* End PBXFrameworksBuildPhase section */

/* Begin PBXGroup section */
		1E29724D1A526506001FE76F /* Combination Sum II */ = {
			isa = PBXGroup;
			children = (
				1E29724E1A526507001FE76F /* Combination Sum II.cpp */,
			);
			path = "Combination Sum II";
			sourceTree = "<group>";
		};
		1EFFB6B31A510B9100ECDB7E = {
			isa = PBXGroup;
			children = (
				1EFFB6CB1A510BB100ECDB7E /* Insert Interval */,
				1EFFB6E11A514A1B00ECDB7E /* Remove Element */,
				1EFFB6EC1A515ECE00ECDB7E /* Rotate List */,
				1E29724D1A526506001FE76F /* Combination Sum II */,
				1EFFB6BD1A510B9100ECDB7E /* Products */,
			);
			sourceTree = "<group>";
		};
		1EFFB6BD1A510B9100ECDB7E /* Products */ = {
			isa = PBXGroup;
			children = (
				1EFFB6BC1A510B9100ECDB7E /* leetCode */,
				1EFFB6CA1A510BB100ECDB7E /* Insert Interval */,
				1EFFB6E01A514A1B00ECDB7E /* Remove Element */,
				1EFFB6EB1A515ECE00ECDB7E /* Rotate List */,
				1E29724C1A526506001FE76F /* Combination Sum II */,
			);
			name = Products;
			sourceTree = "<group>";
		};
		1EFFB6CB1A510BB100ECDB7E /* Insert Interval */ = {
			isa = PBXGroup;
			children = (
				1EFFB6CC1A510BB100ECDB7E /* Insert Interval.cpp */,
			);
			path = "Insert Interval";
			sourceTree = "<group>";
		};
		1EFFB6E11A514A1B00ECDB7E /* Remove Element */ = {
			isa = PBXGroup;
			children = (
				1EFFB6E21A514A1B00ECDB7E /* Remove Element.cpp */,
			);
			path = "Remove Element";
			sourceTree = "<group>";
		};
		1EFFB6EC1A515ECE00ECDB7E /* Rotate List */ = {
			isa = PBXGroup;
			children = (
				1EFFB6ED1A515ECE00ECDB7E /* Rotate List.cpp */,
			);
			path = "Rotate List";
			sourceTree = "<group>";
		};
/* End PBXGroup section */

/* Begin PBXNativeTarget section */
		1E29724B1A526506001FE76F /* Combination Sum II */ = {
			isa = PBXNativeTarget;
			buildConfigurationList = 1E2972521A526507001FE76F /* Build configuration list for PBXNativeTarget "Combination Sum II" */;
			buildPhases = (
				1E2972481A526506001FE76F /* Sources */,
				1E2972491A526506001FE76F /* Frameworks */,
				1E29724A1A526506001FE76F /* CopyFiles */,
			);
			buildRules = (
			);
			dependencies = (
			);
			name = "Combination Sum II";
			productName = "Combination Sum II";
			productReference = 1E29724C1A526506001FE76F /* Combination Sum II */;
			productType = "com.apple.product-type.tool";
		};
		1EFFB6BB1A510B9100ECDB7E /* leetCode */ = {
			isa = PBXNativeTarget;
			buildConfigurationList = 1EFFB6C31A510B9100ECDB7E /* Build configuration list for PBXNativeTarget "leetCode" */;
			buildPhases = (
				1EFFB6B81A510B9100ECDB7E /* Sources */,
				1EFFB6B91A510B9100ECDB7E /* Frameworks */,
				1EFFB6BA1A510B9100ECDB7E /* CopyFiles */,
			);
			buildRules = (
			);
			dependencies = (
			);
			name = leetCode;
			productName = leetCode;
			productReference = 1EFFB6BC1A510B9100ECDB7E /* leetCode */;
			productType = "com.apple.product-type.tool";
		};
		1EFFB6C91A510BB100ECDB7E /* Insert Interval */ = {
			isa = PBXNativeTarget;
			buildConfigurationList = 1EFFB6CE1A510BB100ECDB7E /* Build configuration list for PBXNativeTarget "Insert Interval" */;
			buildPhases = (
				1EFFB6C61A510BB100ECDB7E /* Sources */,
				1EFFB6C71A510BB100ECDB7E /* Frameworks */,
				1EFFB6C81A510BB100ECDB7E /* CopyFiles */,
			);
			buildRules = (
			);
			dependencies = (
			);
			name = "Insert Interval";
			productName = "Insert Interval";
			productReference = 1EFFB6CA1A510BB100ECDB7E /* Insert Interval */;
			productType = "com.apple.product-type.tool";
		};
		1EFFB6DF1A514A1B00ECDB7E /* Remove Element */ = {
			isa = PBXNativeTarget;
			buildConfigurationList = 1EFFB6E41A514A1B00ECDB7E /* Build configuration list for PBXNativeTarget "Remove Element" */;
			buildPhases = (
				1EFFB6DC1A514A1B00ECDB7E /* Sources */,
				1EFFB6DD1A514A1B00ECDB7E /* Frameworks */,
				1EFFB6DE1A514A1B00ECDB7E /* CopyFiles */,
			);
			buildRules = (
			);
			dependencies = (
			);
			name = "Remove Element";
			productName = "Remove Element";
			productReference = 1EFFB6E01A514A1B00ECDB7E /* Remove Element */;
			productType = "com.apple.product-type.tool";
		};
		1EFFB6EA1A515ECE00ECDB7E /* Rotate List */ = {
			isa = PBXNativeTarget;
			buildConfigurationList = 1EFFB6EF1A515ECE00ECDB7E /* Build configuration list for PBXNativeTarget "Rotate List" */;
			buildPhases = (
				1EFFB6E71A515ECE00ECDB7E /* Sources */,
				1EFFB6E81A515ECE00ECDB7E /* Frameworks */,
				1EFFB6E91A515ECE00ECDB7E /* CopyFiles */,
			);
			buildRules = (
			);
			dependencies = (
			);
			name = "Rotate List";
			productName = "Rotate List";
			productReference = 1EFFB6EB1A515ECE00ECDB7E /* Rotate List */;
			productType = "com.apple.product-type.tool";
		};
/* End PBXNativeTarget section */

/* Begin PBXProject section */
		1EFFB6B41A510B9100ECDB7E /* Project object */ = {
			isa = PBXProject;
			attributes = {
				LastUpgradeCheck = 0610;
				ORGANIZATIONNAME = liaogang;
				TargetAttributes = {
					1E29724B1A526506001FE76F = {
						CreatedOnToolsVersion = 6.1;
					};
					1EFFB6BB1A510B9100ECDB7E = {
						CreatedOnToolsVersion = 6.1;
					};
					1EFFB6C91A510BB100ECDB7E = {
						CreatedOnToolsVersion = 6.1;
					};
					1EFFB6DF1A514A1B00ECDB7E = {
						CreatedOnToolsVersion = 6.1;
					};
					1EFFB6EA1A515ECE00ECDB7E = {
						CreatedOnToolsVersion = 6.1;
					};
				};
			};
			buildConfigurationList = 1EFFB6B71A510B9100ECDB7E /* Build configuration list for PBXProject "leetCode" */;
			compatibilityVersion = "Xcode 3.2";
			developmentRegion = English;
			hasScannedForEncodings = 0;
			knownRegions = (
				en,
			);
			mainGroup = 1EFFB6B31A510B9100ECDB7E;
			productRefGroup = 1EFFB6BD1A510B9100ECDB7E /* Products */;
			projectDirPath = "";
			projectRoot = "";
			targets = (
				1EFFB6BB1A510B9100ECDB7E /* leetCode */,
				1EFFB6C91A510BB100ECDB7E /* Insert Interval */,
				1EFFB6DF1A514A1B00ECDB7E /* Remove Element */,
				1EFFB6EA1A515ECE00ECDB7E /* Rotate List */,
				1E29724B1A526506001FE76F /* Combination Sum II */,
			);
		};
/* End PBXProject section */

/* Begin PBXSourcesBuildPhase section */
		1E2972481A526506001FE76F /* Sources */ = {
			isa = PBXSourcesBuildPhase;
			buildActionMask = 2147483647;
			files = (
				1E29724F1A526507001FE76F /* Combination Sum II.cpp in Sources */,
			);
			runOnlyForDeploymentPostprocessing = 0;
		};
		1EFFB6B81A510B9100ECDB7E /* Sources */ = {
			isa = PBXSourcesBuildPhase;
			buildActionMask = 2147483647;
			files = (
			);
			runOnlyForDeploymentPostprocessing = 0;
		};
		1EFFB6C61A510BB100ECDB7E /* Sources */ = {
			isa = PBXSourcesBuildPhase;
			buildActionMask = 2147483647;
			files = (
				1EFFB6CD1A510BB100ECDB7E /* Insert Interval.cpp in Sources */,
			);
			runOnlyForDeploymentPostprocessing = 0;
		};
		1EFFB6DC1A514A1B00ECDB7E /* Sources */ = {
			isa = PBXSourcesBuildPhase;
			buildActionMask = 2147483647;
			files = (
				1EFFB6E31A514A1B00ECDB7E /* Remove Element.cpp in Sources */,
			);
			runOnlyForDeploymentPostprocessing = 0;
		};
		1EFFB6E71A515ECE00ECDB7E /* Sources */ = {
			isa = PBXSourcesBuildPhase;
			buildActionMask = 2147483647;
			files = (
				1EFFB6EE1A515ECE00ECDB7E /* Rotate List.cpp in Sources */,
			);
			runOnlyForDeploymentPostprocessing = 0;
		};
/* End PBXSourcesBuildPhase section */

/* Begin XCBuildConfiguration section */
		1E2972501A526507001FE76F /* Debug */ = {
			isa = XCBuildConfiguration;
			buildSettings = {
				GCC_PREPROCESSOR_DEFINITIONS = (
					"DEBUG=1",
					"$(inherited)",
				);
				PRODUCT_NAME = "$(TARGET_NAME)";
			};
			name = Debug;
		};
		1E2972511A526507001FE76F /* Release */ = {
			isa = XCBuildConfiguration;
			buildSettings = {
				PRODUCT_NAME = "$(TARGET_NAME)";
			};
			name = Release;
		};
		1EFFB6C11A510B9100ECDB7E /* Debug */ = {
			isa = XCBuildConfiguration;
			buildSettings = {
				ALWAYS_SEARCH_USER_PATHS = NO;
				CLANG_CXX_LANGUAGE_STANDARD = "gnu++0x";
				CLANG_CXX_LIBRARY = "libc++";
				CLANG_ENABLE_MODULES = YES;
				CLANG_ENABLE_OBJC_ARC = YES;
				CLANG_WARN_BOOL_CONVERSION = YES;
				CLANG_WARN_CONSTANT_CONVERSION = YES;
				CLANG_WARN_DIRECT_OBJC_ISA_USAGE = YES_ERROR;
				CLANG_WARN_EMPTY_BODY = YES;
				CLANG_WARN_ENUM_CONVERSION = YES;
				CLANG_WARN_INT_CONVERSION = YES;
				CLANG_WARN_OBJC_ROOT_CLASS = YES_ERROR;
				CLANG_WARN_UNREACHABLE_CODE = YES;
				CLANG_WARN__DUPLICATE_METHOD_MATCH = YES;
				COPY_PHASE_STRIP = NO;
				ENABLE_STRICT_OBJC_MSGSEND = YES;
				GCC_C_LANGUAGE_STANDARD = gnu99;
				GCC_DYNAMIC_NO_PIC = NO;
				GCC_OPTIMIZATION_LEVEL = 0;
				GCC_PREPROCESSOR_DEFINITIONS = (
					"DEBUG=1",
					"$(inherited)",
				);
				GCC_SYMBOLS_PRIVATE_EXTERN = NO;
				GCC_WARN_64_TO_32_BIT_CONVERSION = YES;
				GCC_WARN_ABOUT_RETURN_TYPE = YES_ERROR;
				GCC_WARN_UNDECLARED_SELECTOR = YES;
				GCC_WARN_UNINITIALIZED_AUTOS = YES_AGGRESSIVE;
				GCC_WARN_UNUSED_FUNCTION = YES;
				GCC_WARN_UNUSED_VARIABLE = YES;
				MACOSX_DEPLOYMENT_TARGET = 10.10;
				MTL_ENABLE_DEBUG_INFO = YES;
				ONLY_ACTIVE_ARCH = YES;
				SDKROOT = macosx;
			};
			name = Debug;
		};
		1EFFB6C21A510B9100ECDB7E /* Release */ = {
			isa = XCBuildConfiguration;
			buildSettings = {
				ALWAYS_SEARCH_USER_PATHS = NO;
				CLANG_CXX_LANGUAGE_STANDARD = "gnu++0x";
				CLANG_CXX_LIBRARY = "libc++";
				CLANG_ENABLE_MODULES = YES;
				CLANG_ENABLE_OBJC_ARC = YES;
				CLANG_WARN_BOOL_CONVERSION = YES;
				CLANG_WARN_CONSTANT_CONVERSION = YES;
				CLANG_WARN_DIRECT_OBJC_ISA_USAGE = YES_ERROR;
				CLANG_WARN_EMPTY_BODY = YES;
				CLANG_WARN_ENUM_CONVERSION = YES;
				CLANG_WARN_INT_CONVERSION = YES;
				CLANG_WARN_OBJC_ROOT_CLASS = YES_ERROR;
				CLANG_WARN_UNREACHABLE_CODE = YES;
				CLANG_WARN__DUPLICATE_METHOD_MATCH = YES;
				COPY_PHASE_STRIP = YES;
				DEBUG_INFORMATION_FORMAT = "dwarf-with-dsym";
				ENABLE_NS_ASSERTIONS = NO;
				ENABLE_STRICT_OBJC_MSGSEND = YES;
				GCC_C_LANGUAGE_STANDARD = gnu99;
				GCC_WARN_64_TO_32_BIT_CONVERSION = YES;
				GCC_WARN_ABOUT_RETURN_TYPE = YES_ERROR;
				GCC_WARN_UNDECLARED_SELECTOR = YES;
				GCC_WARN_UNINITIALIZED_AUTOS = YES_AGGRESSIVE;
				GCC_WARN_UNUSED_FUNCTION = YES;
				GCC_WARN_UNUSED_VARIABLE = YES;
				MACOSX_DEPLOYMENT_TARGET = 10.10;
				MTL_ENABLE_DEBUG_INFO = NO;
				SDKROOT = macosx;
			};
			name = Release;
		};
		1EFFB6C41A510B9100ECDB7E /* Debug */ = {
			isa = XCBuildConfiguration;
			buildSettings = {
				PRODUCT_NAME = "$(TARGET_NAME)";
			};
			name = Debug;
		};
		1EFFB6C51A510B9100ECDB7E /* Release */ = {
			isa = XCBuildConfiguration;
			buildSettings = {
				PRODUCT_NAME = "$(TARGET_NAME)";
			};
			name = Release;
		};
		1EFFB6CF1A510BB100ECDB7E /* Debug */ = {
			isa = XCBuildConfiguration;
			buildSettings = {
				GCC_PREPROCESSOR_DEFINITIONS = (
					"DEBUG=1",
					"$(inherited)",
				);
				PRODUCT_NAME = "$(TARGET_NAME)";
			};
			name = Debug;
		};
		1EFFB6D01A510BB100ECDB7E /* Release */ = {
			isa = XCBuildConfiguration;
			buildSettings = {
				PRODUCT_NAME = "$(TARGET_NAME)";
			};
			name = Release;
		};
		1EFFB6E51A514A1B00ECDB7E /* Debug */ = {
			isa = XCBuildConfiguration;
			buildSettings = {
				GCC_PREPROCESSOR_DEFINITIONS = (
					"DEBUG=1",
					"$(inherited)",
				);
				PRODUCT_NAME = "$(TARGET_NAME)";
			};
			name = Debug;
		};
		1EFFB6E61A514A1B00ECDB7E /* Release */ = {
			isa = XCBuildConfiguration;
			buildSettings = {
				PRODUCT_NAME = "$(TARGET_NAME)";
			};
			name = Release;
		};
		1EFFB6F01A515ECE00ECDB7E /* Debug */ = {
			isa = XCBuildConfiguration;
			buildSettings = {
				GCC_PREPROCESSOR_DEFINITIONS = (
					"DEBUG=1",
					"$(inherited)",
				);
				PRODUCT_NAME = "$(TARGET_NAME)";
			};
			name = Debug;
		};
		1EFFB6F11A515ECE00ECDB7E /* Release */ = {
			isa = XCBuildConfiguration;
			buildSettings = {
				PRODUCT_NAME = "$(TARGET_NAME)";
			};
			name = Release;
		};
/* End XCBuildConfiguration section */

/* Begin XCConfigurationList section */
		1E2972521A526507001FE76F /* Build configuration list for PBXNativeTarget "Combination Sum II" */ = {
			isa = XCConfigurationList;
			buildConfigurations = (
				1E2972501A526507001FE76F /* Debug */,
				1E2972511A526507001FE76F /* Release */,
			);
			defaultConfigurationIsVisible = 0;
		};
		1EFFB6B71A510B9100ECDB7E /* Build configuration list for PBXProject "leetCode" */ = {
			isa = XCConfigurationList;
			buildConfigurations = (
				1EFFB6C11A510B9100ECDB7E /* Debug */,
				1EFFB6C21A510B9100ECDB7E /* Release */,
			);
			defaultConfigurationIsVisible = 0;
			defaultConfigurationName = Release;
		};
		1EFFB6C31A510B9100ECDB7E /* Build configuration list for PBXNativeTarget "leetCode" */ = {
			isa = XCConfigurationList;
			buildConfigurations = (
				1EFFB6C41A510B9100ECDB7E /* Debug */,
				1EFFB6C51A510B9100ECDB7E /* Release */,
			);
			defaultConfigurationIsVisible = 0;
			defaultConfigurationName = Release;
		};
		1EFFB6CE1A510BB100ECDB7E /* Build configuration list for PBXNativeTarget "Insert Interval" */ = {
			isa = XCConfigurationList;
			buildConfigurations = (
				1EFFB6CF1A510BB100ECDB7E /* Debug */,
				1EFFB6D01A510BB100ECDB7E /* Release */,
			);
			defaultConfigurationIsVisible = 0;
			defaultConfigurationName = Release;
		};
		1EFFB6E41A514A1B00ECDB7E /* Build configuration list for PBXNativeTarget "Remove Element" */ = {
			isa = XCConfigurationList;
			buildConfigurations = (
				1EFFB6E51A514A1B00ECDB7E /* Debug */,
				1EFFB6E61A514A1B00ECDB7E /* Release */,
			);
			defaultConfigurationIsVisible = 0;
			defaultConfigurationName = Release;
		};
		1EFFB6EF1A515ECE00ECDB7E /* Build configuration list for PBXNativeTarget "Rotate List" */ = {
			isa = XCConfigurationList;
			buildConfigurations = (
				1EFFB6F01A515ECE00ECDB7E /* Debug */,
				1EFFB6F11A515ECE00ECDB7E /* Release */,
			);
			defaultConfigurationIsVisible = 0;
			defaultConfigurationName = Release;
		};
/* End XCConfigurationList section */
	};
	rootObject = 1EFFB6B41A510B9100ECDB7E /* Project object */;
}
