// !$*UTF8*$!
{
	archiveVersion = 1;
	classes = {
	};
	objectVersion = 46;
	objects = {

/* Begin PBXBuildFile section */
		B273790E1A03891700F59DBF /* Divide_two_integers.cpp in Sources */ = {isa = PBXBuildFile; fileRef = B273790D1A03891700F59DBF /* Divide_two_integers.cpp */; };
/* End PBXBuildFile section */

/* Begin PBXCopyFilesBuildPhase section */
		B27379081A03891700F59DBF /* CopyFiles */ = {
			isa = PBXCopyFilesBuildPhase;
			buildActionMask = 2147483647;
			dstPath = /usr/share/man/man1/;
			dstSubfolderSpec = 0;
			files = (
			);
			runOnlyForDeploymentPostprocessing = 1;
		};
/* End PBXCopyFilesBuildPhase section */

/* Begin PBXFileReference section */
		B273790A1A03891700F59DBF /* Divide_two_integers */ = {isa = PBXFileReference; explicitFileType = "compiled.mach-o.executable"; includeInIndex = 0; path = Divide_two_integers; sourceTree = BUILT_PRODUCTS_DIR; };
		B273790D1A03891700F59DBF /* Divide_two_integers.cpp */ = {isa = PBXFileReference; lastKnownFileType = sourcecode.cpp.cpp; path = Divide_two_integers.cpp; sourceTree = "<group>"; };
/* End PBXFileReference section */

/* Begin PBXFrameworksBuildPhase section */
		B27379071A03891700F59DBF /* Frameworks */ = {
			isa = PBXFrameworksBuildPhase;
			buildActionMask = 2147483647;
			files = (
			);
			runOnlyForDeploymentPostprocessing = 0;
		};
/* End PBXFrameworksBuildPhase section */

/* Begin PBXGroup section */
		B27379011A03891700F59DBF = {
			isa = PBXGroup;
			children = (
				B273790C1A03891700F59DBF /* Divide_two_integers */,
				B273790B1A03891700F59DBF /* Products */,
			);
			sourceTree = "<group>";
		};
		B273790B1A03891700F59DBF /* Products */ = {
			isa = PBXGroup;
			children = (
				B273790A1A03891700F59DBF /* Divide_two_integers */,
			);
			name = Products;
			sourceTree = "<group>";
		};
		B273790C1A03891700F59DBF /* Divide_two_integers */ = {
			isa = PBXGroup;
			children = (
				B273790D1A03891700F59DBF /* Divide_two_integers.cpp */,
			);
			path = Divide_two_integers;
			sourceTree = "<group>";
		};
/* End PBXGroup section */

/* Begin PBXNativeTarget section */
		B27379091A03891700F59DBF /* Divide_two_integers */ = {
			isa = PBXNativeTarget;
			buildConfigurationList = B27379111A03891700F59DBF /* Build configuration list for PBXNativeTarget "Divide_two_integers" */;
			buildPhases = (
				B27379061A03891700F59DBF /* Sources */,
				B27379071A03891700F59DBF /* Frameworks */,
				B27379081A03891700F59DBF /* CopyFiles */,
			);
			buildRules = (
			);
			dependencies = (
			);
			name = Divide_two_integers;
			productName = Divide_two_integers;
			productReference = B273790A1A03891700F59DBF /* Divide_two_integers */;
			productType = "com.apple.product-type.tool";
		};
/* End PBXNativeTarget section */

/* Begin PBXProject section */
		B27379021A03891700F59DBF /* Project object */ = {
			isa = PBXProject;
			attributes = {
				LastUpgradeCheck = 0610;
				ORGANIZATIONNAME = gang.liao;
				TargetAttributes = {
					B27379091A03891700F59DBF = {
						CreatedOnToolsVersion = 6.1;
					};
				};
			};
			buildConfigurationList = B27379051A03891700F59DBF /* Build configuration list for PBXProject "Divide_two_integers" */;
			compatibilityVersion = "Xcode 3.2";
			developmentRegion = English;
			hasScannedForEncodings = 0;
			knownRegions = (
				en,
			);
			mainGroup = B27379011A03891700F59DBF;
			productRefGroup = B273790B1A03891700F59DBF /* Products */;
			projectDirPath = "";
			projectRoot = "";
			targets = (
				B27379091A03891700F59DBF /* Divide_two_integers */,
			);
		};
/* End PBXProject section */

/* Begin PBXSourcesBuildPhase section */
		B27379061A03891700F59DBF /* Sources */ = {
			isa = PBXSourcesBuildPhase;
			buildActionMask = 2147483647;
			files = (
				B273790E1A03891700F59DBF /* Divide_two_integers.cpp in Sources */,
			);
			runOnlyForDeploymentPostprocessing = 0;
		};
/* End PBXSourcesBuildPhase section */

/* Begin XCBuildConfiguration section */
		B273790F1A03891700F59DBF /* Debug */ = {
			isa = XCBuildConfiguration;
			buildSettings = {
				ALWAYS_SEARCH_USER_PATHS = NO;
				CLANG_CXX_LANGUAGE_STANDARD = "gnu++0x";
				CLANG_CXX_LIBRARY = "libc++";
				CLANG_ENABLE_MODULES = YES;
				CLANG_ENABLE_OBJC_ARC = YES;
				CLANG_WARN_BOOL_CONVERSION = YES;
				CLANG_WARN_CONSTANT_CONVERSION = YES;
				CLANG_WARN_DIRECT_OBJC_ISA_USAGE = YES_ERROR;
				CLANG_WARN_EMPTY_BODY = YES;
				CLANG_WARN_ENUM_CONVERSION = YES;
				CLANG_WARN_INT_CONVERSION = YES;
				CLANG_WARN_OBJC_ROOT_CLASS = YES_ERROR;
				CLANG_WARN_UNREACHABLE_CODE = YES;
				CLANG_WARN__DUPLICATE_METHOD_MATCH = YES;
				COPY_PHASE_STRIP = NO;
				ENABLE_STRICT_OBJC_MSGSEND = YES;
				GCC_C_LANGUAGE_STANDARD = gnu99;
				GCC_DYNAMIC_NO_PIC = NO;
				GCC_OPTIMIZATION_LEVEL = 0;
				GCC_PREPROCESSOR_DEFINITIONS = (
					"DEBUG=1",
					"$(inherited)",
				);
				GCC_SYMBOLS_PRIVATE_EXTERN = NO;
				GCC_WARN_64_TO_32_BIT_CONVERSION = YES;
				GCC_WARN_ABOUT_RETURN_TYPE = YES_ERROR;
				GCC_WARN_UNDECLARED_SELECTOR = YES;
				GCC_WARN_UNINITIALIZED_AUTOS = YES_AGGRESSIVE;
				GCC_WARN_UNUSED_FUNCTION = YES;
				GCC_WARN_UNUSED_VARIABLE = YES;
				MACOSX_DEPLOYMENT_TARGET = 10.10;
				MTL_ENABLE_DEBUG_INFO = YES;
				ONLY_ACTIVE_ARCH = YES;
				SDKROOT = macosx;
			};
			name = Debug;
		};
		B27379101A03891700F59DBF /* Release */ = {
			isa = XCBuildConfiguration;
			buildSettings = {
				ALWAYS_SEARCH_USER_PATHS = NO;
				CLANG_CXX_LANGUAGE_STANDARD = "gnu++0x";
				CLANG_CXX_LIBRARY = "libc++";
				CLANG_ENABLE_MODULES = YES;
				CLANG_ENABLE_OBJC_ARC = YES;
				CLANG_WARN_BOOL_CONVERSION = YES;
				CLANG_WARN_CONSTANT_CONVERSION = YES;
				CLANG_WARN_DIRECT_OBJC_ISA_USAGE = YES_ERROR;
				CLANG_WARN_EMPTY_BODY = YES;
				CLANG_WARN_ENUM_CONVERSION = YES;
				CLANG_WARN_INT_CONVERSION = YES;
				CLANG_WARN_OBJC_ROOT_CLASS = YES_ERROR;
				CLANG_WARN_UNREACHABLE_CODE = YES;
				CLANG_WARN__DUPLICATE_METHOD_MATCH = YES;
				COPY_PHASE_STRIP = YES;
				DEBUG_INFORMATION_FORMAT = "dwarf-with-dsym";
				ENABLE_NS_ASSERTIONS = NO;
				ENABLE_STRICT_OBJC_MSGSEND = YES;
				GCC_C_LANGUAGE_STANDARD = gnu99;
				GCC_WARN_64_TO_32_BIT_CONVERSION = YES;
				GCC_WARN_ABOUT_RETURN_TYPE = YES_ERROR;
				GCC_WARN_UNDECLARED_SELECTOR = YES;
				GCC_WARN_UNINITIALIZED_AUTOS = YES_AGGRESSIVE;
				GCC_WARN_UNUSED_FUNCTION = YES;
				GCC_WARN_UNUSED_VARIABLE = YES;
				MACOSX_DEPLOYMENT_TARGET = 10.10;
				MTL_ENABLE_DEBUG_INFO = NO;
				SDKROOT = macosx;
			};
			name = Release;
		};
		B27379121A03891700F59DBF /* Debug */ = {
			isa = XCBuildConfiguration;
			buildSettings = {
				PRODUCT_NAME = "$(TARGET_NAME)";
			};
			name = Debug;
		};
		B27379131A03891700F59DBF /* Release */ = {
			isa = XCBuildConfiguration;
			buildSettings = {
				PRODUCT_NAME = "$(TARGET_NAME)";
			};
			name = Release;
		};
/* End XCBuildConfiguration section */

/* Begin XCConfigurationList section */
		B27379051A03891700F59DBF /* Build configuration list for PBXProject "Divide_two_integers" */ = {
			isa = XCConfigurationList;
			buildConfigurations = (
				B273790F1A03891700F59DBF /* Debug */,
				B27379101A03891700F59DBF /* Release */,
			);
			defaultConfigurationIsVisible = 0;
			defaultConfigurationName = Release;
		};
		B27379111A03891700F59DBF /* Build configuration list for PBXNativeTarget "Divide_two_integers" */ = {
			isa = XCConfigurationList;
			buildConfigurations = (
				B27379121A03891700F59DBF /* Debug */,
				B27379131A03891700F59DBF /* Release */,
			);
			defaultConfigurationIsVisible = 0;
		};
/* End XCConfigurationList section */
	};
	rootObject = B27379021A03891700F59DBF /* Project object */;
}
